schema: '2.0'
stages:
  ingest:
    cmd: python src/data/data_loader.py
    deps:
    - path: src/data/data_loader.py
      hash: md5
      md5: 3845201026fe7375c5aa7e620c0fb8b2
      size: 5674
    outs:
    - path: data/raw/big_energy_dataset_v2.csv
      hash: md5
      md5: f9282af9b596712b6ec496bcbc9b4b09
      size: 2769185
  clean:
    cmd: python src/data/make_dataset.py data/raw/big_energy_dataset_v2.csv 
      data/interim/energy_cleaned.csv
    deps:
    - path: data/raw/big_energy_dataset_v2.csv
      hash: md5
      md5: f9282af9b596712b6ec496bcbc9b4b09
      size: 2769185
    - path: src/data/make_dataset.py
      hash: md5
      md5: 9d5fc2f242ceacba7238dc00449a56bc
      size: 3843
    outs:
    - path: data/interim/energy_cleaned.csv
      hash: md5
      md5: 5d094c288813cf99de8f65eb782e6504
      size: 2730851
  featurize:
    cmd: python src/features/build_features.py
    deps:
    - path: data/interim/energy_cleaned.csv
      hash: md5
      md5: 5d094c288813cf99de8f65eb782e6504
      size: 2730851
    - path: src/features/build_features.py
      hash: md5
      md5: d045c988ec4daab6bc9f20567454e17a
      size: 5024
    outs:
    - path: data/processed/energy_ready.csv
      hash: md5
      md5: 7ae36ebf494d66ee05b002bcb5965b7f
      size: 7401507
  train:
    cmd: python src/models/train_optuna.py
    deps:
    - path: data/processed/energy_ready.csv
      hash: md5
      md5: 7ae36ebf494d66ee05b002bcb5965b7f
      size: 7401507
    - path: src/models/train_optuna.py
      hash: md5
      md5: 6b5425137a300418cedc03680b68f5bd
      size: 5409
    - path: src/visualization/visualize.py
      hash: md5
      md5: d682af00906fa30005d07a6aecb1dce2
      size: 2967
    outs:
    - path: models/model.json
      hash: md5
      md5: 7522ed7b7f934f8bb7d31e63a9f220d9
      size: 2317895
