schema: '2.0'
stages:
  ingest:
    cmd: python3 src/data/data_loader.py
    deps:
    - path: src/data/data_loader.py
      hash: md5
      md5: 8c52d9538a70c97102dbc1f887798919
      size: 6194
    outs:
    - path: data/raw/big_energy_dataset_v2.csv
      hash: md5
      md5: f9282af9b596712b6ec496bcbc9b4b09
      size: 2769185
  clean:
    cmd: python3 src/data/make_dataset.py data/raw/big_energy_dataset_v2.csv 
      data/interim/energy_cleaned.csv
    deps:
    - path: data/raw/big_energy_dataset_v2.csv
      hash: md5
      md5: f9282af9b596712b6ec496bcbc9b4b09
      size: 2769185
    - path: src/data/make_dataset.py
      hash: md5
      md5: 14f6426bdcce64dd9ee3f4c4414075ad
      size: 3919
    outs:
    - path: data/interim/energy_cleaned.csv
      hash: md5
      md5: 5d094c288813cf99de8f65eb782e6504
      size: 2730851
  featurize:
    cmd: python3 src/features/build_features.py
    deps:
    - path: data/interim/energy_cleaned.csv
      hash: md5
      md5: 5d094c288813cf99de8f65eb782e6504
      size: 2730851
    - path: src/features/build_features.py
      hash: md5
      md5: 6f6d5f5d2464b32a77a4513e8ab8089a
      size: 5395
    outs:
    - path: data/processed/energy_ready.csv
      hash: md5
      md5: 7ae36ebf494d66ee05b002bcb5965b7f
      size: 7401507
  train:
    cmd: python3 src/models/train_optuna.py
    deps:
    - path: data/processed/energy_ready.csv
      hash: md5
      md5: 7ae36ebf494d66ee05b002bcb5965b7f
      size: 7401507
    - path: src/models/train_optuna.py
      hash: md5
      md5: 0fb9321ec6138c12899d07357b2c2969
      size: 6433
    - path: src/visualization/visualize.py
      hash: md5
      md5: bd0d9a0ad41208ce81969094da25127e
      size: 2941
    outs:
    - path: models/model.json
      hash: md5
      md5: 168b0bd55bad8d408738b2622cc04047
      size: 3419019
  predict:
    cmd: python3 src/models/predict_model.py
    deps:
    - path: data/processed/energy_ready.csv
      hash: md5
      md5: 7ae36ebf494d66ee05b002bcb5965b7f
      size: 7401507
    - path: models/model.json
      hash: md5
      md5: 168b0bd55bad8d408738b2622cc04047
      size: 3419019
    - path: src/models/predict_model.py
      hash: md5
      md5: df2e2a5120b6cfc52cc675dd57fc53d0
      size: 3228
    outs:
    - path: data/predictions/latest_forecast.csv
      hash: md5
      md5: 9028d74d3e6f71159c9fe311c8ad1f1c
      size: 244
  monitor:
    cmd: python3 src/monitoring/generate_reports.py
    deps:
    - path: data/predictions/latest_forecast.csv
      hash: md5
      md5: 9028d74d3e6f71159c9fe311c8ad1f1c
      size: 244
    - path: data/processed/energy_ready.csv
      hash: md5
      md5: 7ae36ebf494d66ee05b002bcb5965b7f
      size: 7401507
    - path: models/model.json
      hash: md5
      md5: 168b0bd55bad8d408738b2622cc04047
      size: 3419019
    - path: src/monitoring/config.py
      hash: md5
      md5: 84f33be6dafd01ee8e11c538fa763e1f
      size: 1758
    - path: src/monitoring/generate_reports.py
      hash: md5
      md5: f09e1bc4e016e07360205a6304560863
      size: 5627
    - path: src/monitoring/metrics.py
      hash: md5
      md5: e568ab745164219fef261866165f0f9b
      size: 6859
    outs:
    - path: reports/drift
      hash: md5
      md5: d8cc55a90bfef37d97462edca20f1e3e.dir
      size: 10295597
      nfiles: 9
